// !$*UTF8*$!
{
	archiveVersion = 1;
	classes = {
	};
	objectVersion = 50;
	objects = {

/* Begin PBXBuildFile section */
		3DFE030F2565B55F00CD596E /* AppDelegate.swift in Sources */ = {isa = PBXBuildFile; fileRef = 3DFE030E2565B55F00CD596E /* AppDelegate.swift */; };
		3DFE03112565B55F00CD596E /* SceneDelegate.swift in Sources */ = {isa = PBXBuildFile; fileRef = 3DFE03102565B55F00CD596E /* SceneDelegate.swift */; };
		3DFE03132565B55F00CD596E /* ViewController.swift in Sources */ = {isa = PBXBuildFile; fileRef = 3DFE03122565B55F00CD596E /* ViewController.swift */; };
		3DFE03162565B55F00CD596E /* Main.storyboard in Resources */ = {isa = PBXBuildFile; fileRef = 3DFE03142565B55F00CD596E /* Main.storyboard */; };
		3DFE03182565B56C00CD596E /* Assets.xcassets in Resources */ = {isa = PBXBuildFile; fileRef = 3DFE03172565B56C00CD596E /* Assets.xcassets */; };
		3DFE031B2565B56C00CD596E /* LaunchScreen.storyboard in Resources */ = {isa = PBXBuildFile; fileRef = 3DFE03192565B56C00CD596E /* LaunchScreen.storyboard */; };
		3DFE034F2565B7C500CD596E /* frame_00.gif in Resources */ = {isa = PBXBuildFile; fileRef = 3DFE03412565B7C300CD596E /* frame_00.gif */; };
		3DFE03502565B7C500CD596E /* frame_02.gif in Resources */ = {isa = PBXBuildFile; fileRef = 3DFE03422565B7C300CD596E /* frame_02.gif */; };
		3DFE03512565B7C500CD596E /* frame_06.gif in Resources */ = {isa = PBXBuildFile; fileRef = 3DFE03432565B7C300CD596E /* frame_06.gif */; };
		3DFE03522565B7C500CD596E /* frame_05.gif in Resources */ = {isa = PBXBuildFile; fileRef = 3DFE03442565B7C300CD596E /* frame_05.gif */; };
		3DFE03532565B7C500CD596E /* frame_09.gif in Resources */ = {isa = PBXBuildFile; fileRef = 3DFE03452565B7C300CD596E /* frame_09.gif */; };
		3DFE03542565B7C500CD596E /* frame_011.gif in Resources */ = {isa = PBXBuildFile; fileRef = 3DFE03462565B7C300CD596E /* frame_011.gif */; };
		3DFE03552565B7C500CD596E /* frame_01.gif in Resources */ = {isa = PBXBuildFile; fileRef = 3DFE03472565B7C400CD596E /* frame_01.gif */; };
		3DFE03562565B7C500CD596E /* frame_08.gif in Resources */ = {isa = PBXBuildFile; fileRef = 3DFE03482565B7C400CD596E /* frame_08.gif */; };
		3DFE03572565B7C500CD596E /* frame_03.gif in Resources */ = {isa = PBXBuildFile; fileRef = 3DFE03492565B7C400CD596E /* frame_03.gif */; };
		3DFE03582565B7C500CD596E /* frame_010.gif in Resources */ = {isa = PBXBuildFile; fileRef = 3DFE034A2565B7C400CD596E /* frame_010.gif */; };
		3DFE03592565B7C500CD596E /* frame_013.gif in Resources */ = {isa = PBXBuildFile; fileRef = 3DFE034B2565B7C400CD596E /* frame_013.gif */; };
		3DFE035A2565B7C500CD596E /* frame_04.gif in Resources */ = {isa = PBXBuildFile; fileRef = 3DFE034C2565B7C400CD596E /* frame_04.gif */; };
		3DFE035B2565B7C500CD596E /* frame_012.gif in Resources */ = {isa = PBXBuildFile; fileRef = 3DFE034D2565B7C500CD596E /* frame_012.gif */; };
		3DFE035C2565B7C500CD596E /* frame_07.gif in Resources */ = {isa = PBXBuildFile; fileRef = 3DFE034E2565B7C500CD596E /* frame_07.gif */; };
/* End PBXBuildFile section */

/* Begin PBXFileReference section */
		3DFE030B2565B55F00CD596E /* Animations_intro.app */ = {isa = PBXFileReference; explicitFileType = wrapper.application; includeInIndex = 0; path = Animations_intro.app; sourceTree = BUILT_PRODUCTS_DIR; };
		3DFE030E2565B55F00CD596E /* AppDelegate.swift */ = {isa = PBXFileReference; lastKnownFileType = sourcecode.swift; path = AppDelegate.swift; sourceTree = "<group>"; };
		3DFE03102565B55F00CD596E /* SceneDelegate.swift */ = {isa = PBXFileReference; lastKnownFileType = sourcecode.swift; path = SceneDelegate.swift; sourceTree = "<group>"; };
		3DFE03122565B55F00CD596E /* ViewController.swift */ = {isa = PBXFileReference; lastKnownFileType = sourcecode.swift; path = ViewController.swift; sourceTree = "<group>"; };
		3DFE03152565B55F00CD596E /* Base */ = {isa = PBXFileReference; lastKnownFileType = file.storyboard; name = Base; path = Base.lproj/Main.storyboard; sourceTree = "<group>"; };
		3DFE03172565B56C00CD596E /* Assets.xcassets */ = {isa = PBXFileReference; lastKnownFileType = folder.assetcatalog; path = Assets.xcassets; sourceTree = "<group>"; };
		3DFE031A2565B56C00CD596E /* Base */ = {isa = PBXFileReference; lastKnownFileType = file.storyboard; name = Base; path = Base.lproj/LaunchScreen.storyboard; sourceTree = "<group>"; };
		3DFE031C2565B56C00CD596E /* Info.plist */ = {isa = PBXFileReference; lastKnownFileType = text.plist.xml; path = Info.plist; sourceTree = "<group>"; };
		3DFE03412565B7C300CD596E /* frame_00.gif */ = {isa = PBXFileReference; lastKnownFileType = image.gif; path = frame_00.gif; sourceTree = "<group>"; };
		3DFE03422565B7C300CD596E /* frame_02.gif */ = {isa = PBXFileReference; lastKnownFileType = image.gif; path = frame_02.gif; sourceTree = "<group>"; };
		3DFE03432565B7C300CD596E /* frame_06.gif */ = {isa = PBXFileReference; lastKnownFileType = image.gif; path = frame_06.gif; sourceTree = "<group>"; };
		3DFE03442565B7C300CD596E /* frame_05.gif */ = {isa = PBXFileReference; lastKnownFileType = image.gif; path = frame_05.gif; sourceTree = "<group>"; };
		3DFE03452565B7C300CD596E /* frame_09.gif */ = {isa = PBXFileReference; lastKnownFileType = image.gif; path = frame_09.gif; sourceTree = "<group>"; };
		3DFE03462565B7C300CD596E /* frame_011.gif */ = {isa = PBXFileReference; lastKnownFileType = image.gif; path = frame_011.gif; sourceTree = "<group>"; };
		3DFE03472565B7C400CD596E /* frame_01.gif */ = {isa = PBXFileReference; lastKnownFileType = image.gif; path = frame_01.gif; sourceTree = "<group>"; };
		3DFE03482565B7C400CD596E /* frame_08.gif */ = {isa = PBXFileReference; lastKnownFileType = image.gif; path = frame_08.gif; sourceTree = "<group>"; };
		3DFE03492565B7C400CD596E /* frame_03.gif */ = {isa = PBXFileReference; lastKnownFileType = image.gif; path = frame_03.gif; sourceTree = "<group>"; };
		3DFE034A2565B7C400CD596E /* frame_010.gif */ = {isa = PBXFileReference; lastKnownFileType = image.gif; path = frame_010.gif; sourceTree = "<group>"; };
		3DFE034B2565B7C400CD596E /* frame_013.gif */ = {isa = PBXFileReference; lastKnownFileType = image.gif; path = frame_013.gif; sourceTree = "<group>"; };
		3DFE034C2565B7C400CD596E /* frame_04.gif */ = {isa = PBXFileReference; lastKnownFileType = image.gif; path = frame_04.gif; sourceTree = "<group>"; };
		3DFE034D2565B7C500CD596E /* frame_012.gif */ = {isa = PBXFileReference; lastKnownFileType = image.gif; path = frame_012.gif; sourceTree = "<group>"; };
		3DFE034E2565B7C500CD596E /* frame_07.gif */ = {isa = PBXFileReference; lastKnownFileType = image.gif; path = frame_07.gif; sourceTree = "<group>"; };
/* End PBXFileReference section */

/* Begin PBXFrameworksBuildPhase section */
		3DFE03082565B55F00CD596E /* Frameworks */ = {
			isa = PBXFrameworksBuildPhase;
			buildActionMask = 2147483647;
			files = (
			);
			runOnlyForDeploymentPostprocessing = 0;
		};
/* End PBXFrameworksBuildPhase section */

/* Begin PBXGroup section */
		3DFE03022565B55F00CD596E = {
			isa = PBXGroup;
			children = (
				3DFE030D2565B55F00CD596E /* Animations_intro */,
				3DFE030C2565B55F00CD596E /* Products */,
			);
			sourceTree = "<group>";
		};
		3DFE030C2565B55F00CD596E /* Products */ = {
			isa = PBXGroup;
			children = (
				3DFE030B2565B55F00CD596E /* Animations_intro.app */,
			);
			name = Products;
			sourceTree = "<group>";
		};
		3DFE030D2565B55F00CD596E /* Animations_intro */ = {
			isa = PBXGroup;
			children = (
				3DFE030E2565B55F00CD596E /* AppDelegate.swift */,
				3DFE03102565B55F00CD596E /* SceneDelegate.swift */,
				3DFE03122565B55F00CD596E /* ViewController.swift */,
				3DFE03142565B55F00CD596E /* Main.storyboard */,
				3DFE035E2565B7D700CD596E /* GIFframes */,
				3DFE03172565B56C00CD596E /* Assets.xcassets */,
				3DFE03192565B56C00CD596E /* LaunchScreen.storyboard */,
				3DFE031C2565B56C00CD596E /* Info.plist */,
			);
			path = Animations_intro;
			sourceTree = "<group>";
		};
		3DFE035E2565B7D700CD596E /* GIFframes */ = {
			isa = PBXGroup;
			children = (
				3DFE03412565B7C300CD596E /* frame_00.gif */,
				3DFE03472565B7C400CD596E /* frame_01.gif */,
				3DFE03422565B7C300CD596E /* frame_02.gif */,
				3DFE03492565B7C400CD596E /* frame_03.gif */,
				3DFE034C2565B7C400CD596E /* frame_04.gif */,
				3DFE03442565B7C300CD596E /* frame_05.gif */,
				3DFE03432565B7C300CD596E /* frame_06.gif */,
				3DFE034E2565B7C500CD596E /* frame_07.gif */,
				3DFE03482565B7C400CD596E /* frame_08.gif */,
				3DFE03452565B7C300CD596E /* frame_09.gif */,
				3DFE034A2565B7C400CD596E /* frame_010.gif */,
				3DFE03462565B7C300CD596E /* frame_011.gif */,
				3DFE034D2565B7C500CD596E /* frame_012.gif */,
				3DFE034B2565B7C400CD596E /* frame_013.gif */,
			);
			path = GIFframes;
			sourceTree = "<group>";
		};
/* End PBXGroup section */

/* Begin PBXNativeTarget section */
		3DFE030A2565B55F00CD596E /* Animations_intro */ = {
			isa = PBXNativeTarget;
			buildConfigurationList = 3DFE031F2565B56C00CD596E /* Build configuration list for PBXNativeTarget "Animations_intro" */;
			buildPhases = (
				3DFE03072565B55F00CD596E /* Sources */,
				3DFE03082565B55F00CD596E /* Frameworks */,
				3DFE03092565B55F00CD596E /* Resources */,
			);
			buildRules = (
			);
			dependencies = (
			);
			name = Animations_intro;
			productName = Animations_intro;
			productReference = 3DFE030B2565B55F00CD596E /* Animations_intro.app */;
			productType = "com.apple.product-type.application";
		};
/* End PBXNativeTarget section */

/* Begin PBXProject section */
		3DFE03032565B55F00CD596E /* Project object */ = {
			isa = PBXProject;
			attributes = {
				LastSwiftUpdateCheck = 1220;
				LastUpgradeCheck = 1220;
				TargetAttributes = {
					3DFE030A2565B55F00CD596E = {
						CreatedOnToolsVersion = 12.2;
					};
				};
			};
			buildConfigurationList = 3DFE03062565B55F00CD596E /* Build configuration list for PBXProject "Animations_intro" */;
			compatibilityVersion = "Xcode 9.3";
			developmentRegion = en;
			hasScannedForEncodings = 0;
			knownRegions = (
				en,
				Base,
			);
			mainGroup = 3DFE03022565B55F00CD596E;
			productRefGroup = 3DFE030C2565B55F00CD596E /* Products */;
			projectDirPath = "";
			projectRoot = "";
			targets = (
				3DFE030A2565B55F00CD596E /* Animations_intro */,
			);
		};
/* End PBXProject section */

/* Begin PBXResourcesBuildPhase section */
		3DFE03092565B55F00CD596E /* Resources */ = {
			isa = PBXResourcesBuildPhase;
			buildActionMask = 2147483647;
			files = (
				3DFE03572565B7C500CD596E /* frame_03.gif in Resources */,
				3DFE03522565B7C500CD596E /* frame_05.gif in Resources */,
				3DFE031B2565B56C00CD596E /* LaunchScreen.storyboard in Resources */,
				3DFE03542565B7C500CD596E /* frame_011.gif in Resources */,
				3DFE03532565B7C500CD596E /* frame_09.gif in Resources */,
				3DFE03582565B7C500CD596E /* frame_010.gif in Resources */,
				3DFE03512565B7C500CD596E /* frame_06.gif in Resources */,
				3DFE03552565B7C500CD596E /* frame_01.gif in Resources */,
				3DFE034F2565B7C500CD596E /* frame_00.gif in Resources */,
				3DFE035C2565B7C500CD596E /* frame_07.gif in Resources */,
				3DFE03502565B7C500CD596E /* frame_02.gif in Resources */,
				3DFE035A2565B7C500CD596E /* frame_04.gif in Resources */,
				3DFE03182565B56C00CD596E /* Assets.xcassets in Resources */,
				3DFE035B2565B7C500CD596E /* frame_012.gif in Resources */,
				3DFE03162565B55F00CD596E /* Main.storyboard in Resources */,
				3DFE03562565B7C500CD596E /* frame_08.gif in Resources */,
				3DFE03592565B7C500CD596E /* frame_013.gif in Resources */,
			);
			runOnlyForDeploymentPostprocessing = 0;
		};
/* End PBXResourcesBuildPhase section */

/* Begin PBXSourcesBuildPhase section */
		3DFE03072565B55F00CD596E /* Sources */ = {
			isa = PBXSourcesBuildPhase;
			buildActionMask = 2147483647;
			files = (
				3DFE03132565B55F00CD596E /* ViewController.swift in Sources */,
				3DFE030F2565B55F00CD596E /* AppDelegate.swift in Sources */,
				3DFE03112565B55F00CD596E /* SceneDelegate.swift in Sources */,
			);
			runOnlyForDeploymentPostprocessing = 0;
		};
/* End PBXSourcesBuildPhase section */

/* Begin PBXVariantGroup section */
		3DFE03142565B55F00CD596E /* Main.storyboard */ = {
			isa = PBXVariantGroup;
			children = (
				3DFE03152565B55F00CD596E /* Base */,
			);
			name = Main.storyboard;
			sourceTree = "<group>";
		};
		3DFE03192565B56C00CD596E /* LaunchScreen.storyboard */ = {
			isa = PBXVariantGroup;
			children = (
				3DFE031A2565B56C00CD596E /* Base */,
			);
			name = LaunchScreen.storyboard;
			sourceTree = "<group>";
		};
/* End PBXVariantGroup section */

/* Begin XCBuildConfiguration section */
		3DFE031D2565B56C00CD596E /* Debug */ = {
			isa = XCBuildConfiguration;
			buildSettings = {
				ALWAYS_SEARCH_USER_PATHS = NO;
				CLANG_ANALYZER_NONNULL = YES;
				CLANG_ANALYZER_NUMBER_OBJECT_CONVERSION = YES_AGGRESSIVE;
				CLANG_CXX_LANGUAGE_STANDARD = "gnu++14";
				CLANG_CXX_LIBRARY = "libc++";
				CLANG_ENABLE_MODULES = YES;
				CLANG_ENABLE_OBJC_ARC = YES;
				CLANG_ENABLE_OBJC_WEAK = YES;
				CLANG_WARN_BLOCK_CAPTURE_AUTORELEASING = YES;
				CLANG_WARN_BOOL_CONVERSION = YES;
				CLANG_WARN_COMMA = YES;
				CLANG_WARN_CONSTANT_CONVERSION = YES;
				CLANG_WARN_DEPRECATED_OBJC_IMPLEMENTATIONS = YES;
				CLANG_WARN_DIRECT_OBJC_ISA_USAGE = YES_ERROR;
				CLANG_WARN_DOCUMENTATION_COMMENTS = YES;
				CLANG_WARN_EMPTY_BODY = YES;
				CLANG_WARN_ENUM_CONVERSION = YES;
				CLANG_WARN_INFINITE_RECURSION = YES;
				CLANG_WARN_INT_CONVERSION = YES;
				CLANG_WARN_NON_LITERAL_NULL_CONVERSION = YES;
				CLANG_WARN_OBJC_IMPLICIT_RETAIN_SELF = YES;
				CLANG_WARN_OBJC_LITERAL_CONVERSION = YES;
				CLANG_WARN_OBJC_ROOT_CLASS = YES_ERROR;
				CLANG_WARN_QUOTED_INCLUDE_IN_FRAMEWORK_HEADER = YES;
				CLANG_WARN_RANGE_LOOP_ANALYSIS = YES;
				CLANG_WARN_STRICT_PROTOTYPES = YES;
				CLANG_WARN_SUSPICIOUS_MOVE = YES;
				CLANG_WARN_UNGUARDED_AVAILABILITY = YES_AGGRESSIVE;
				CLANG_WARN_UNREACHABLE_CODE = YES;
				CLANG_WARN__DUPLICATE_METHOD_MATCH = YES;
				COPY_PHASE_STRIP = NO;
				DEBUG_INFORMATION_FORMAT = dwarf;
				ENABLE_STRICT_OBJC_MSGSEND = YES;
				ENABLE_TESTABILITY = YES;
				GCC_C_LANGUAGE_STANDARD = gnu11;
				GCC_DYNAMIC_NO_PIC = NO;
				GCC_NO_COMMON_BLOCKS = YES;
				GCC_OPTIMIZATION_LEVEL = 0;
				GCC_PREPROCESSOR_DEFINITIONS = (
					"DEBUG=1",
					"$(inherited)",
				);
				GCC_WARN_64_TO_32_BIT_CONVERSION = YES;
				GCC_WARN_ABOUT_RETURN_TYPE = YES_ERROR;
				GCC_WARN_UNDECLARED_SELECTOR = YES;
				GCC_WARN_UNINITIALIZED_AUTOS = YES_AGGRESSIVE;
				GCC_WARN_UNUSED_FUNCTION = YES;
				GCC_WARN_UNUSED_VARIABLE = YES;
				IPHONEOS_DEPLOYMENT_TARGET = 14.2;
				MTL_ENABLE_DEBUG_INFO = INCLUDE_SOURCE;
				MTL_FAST_MATH = YES;
				ONLY_ACTIVE_ARCH = YES;
				SDKROOT = iphoneos;
				SWIFT_ACTIVE_COMPILATION_CONDITIONS = DEBUG;
				SWIFT_OPTIMIZATION_LEVEL = "-Onone";
			};
			name = Debug;
		};
		3DFE031E2565B56C00CD596E /* Release */ = {
			isa = XCBuildConfiguration;
			buildSettings = {
				ALWAYS_SEARCH_USER_PATHS = NO;
				CLANG_ANALYZER_NONNULL = YES;
				CLANG_ANALYZER_NUMBER_OBJECT_CONVERSION = YES_AGGRESSIVE;
				CLANG_CXX_LANGUAGE_STANDARD = "gnu++14";
				CLANG_CXX_LIBRARY = "libc++";
				CLANG_ENABLE_MODULES = YES;
				CLANG_ENABLE_OBJC_ARC = YES;
				CLANG_ENABLE_OBJC_WEAK = YES;
				CLANG_WARN_BLOCK_CAPTURE_AUTORELEASING = YES;
				CLANG_WARN_BOOL_CONVERSION = YES;
				CLANG_WARN_COMMA = YES;
				CLANG_WARN_CONSTANT_CONVERSION = YES;
				CLANG_WARN_DEPRECATED_OBJC_IMPLEMENTATIONS = YES;
				CLANG_WARN_DIRECT_OBJC_ISA_USAGE = YES_ERROR;
				CLANG_WARN_DOCUMENTATION_COMMENTS = YES;
				CLANG_WARN_EMPTY_BODY = YES;
				CLANG_WARN_ENUM_CONVERSION = YES;
				CLANG_WARN_INFINITE_RECURSION = YES;
				CLANG_WARN_INT_CONVERSION = YES;
				CLANG_WARN_NON_LITERAL_NULL_CONVERSION = YES;
				CLANG_WARN_OBJC_IMPLICIT_RETAIN_SELF = YES;
				CLANG_WARN_OBJC_LITERAL_CONVERSION = YES;
				CLANG_WARN_OBJC_ROOT_CLASS = YES_ERROR;
				CLANG_WARN_QUOTED_INCLUDE_IN_FRAMEWORK_HEADER = YES;
				CLANG_WARN_RANGE_LOOP_ANALYSIS = YES;
				CLANG_WARN_STRICT_PROTOTYPES = YES;
				CLANG_WARN_SUSPICIOUS_MOVE = YES;
				CLANG_WARN_UNGUARDED_AVAILABILITY = YES_AGGRESSIVE;
				CLANG_WARN_UNREACHABLE_CODE = YES;
				CLANG_WARN__DUPLICATE_METHOD_MATCH = YES;
				COPY_PHASE_STRIP = NO;
				DEBUG_INFORMATION_FORMAT = "dwarf-with-dsym";
				ENABLE_NS_ASSERTIONS = NO;
				ENABLE_STRICT_OBJC_MSGSEND = YES;
				GCC_C_LANGUAGE_STANDARD = gnu11;
				GCC_NO_COMMON_BLOCKS = YES;
				GCC_WARN_64_TO_32_BIT_CONVERSION = YES;
				GCC_WARN_ABOUT_RETURN_TYPE = YES_ERROR;
				GCC_WARN_UNDECLARED_SELECTOR = YES;
				GCC_WARN_UNINITIALIZED_AUTOS = YES_AGGRESSIVE;
				GCC_WARN_UNUSED_FUNCTION = YES;
				GCC_WARN_UNUSED_VARIABLE = YES;
				IPHONEOS_DEPLOYMENT_TARGET = 14.2;
				MTL_ENABLE_DEBUG_INFO = NO;
				MTL_FAST_MATH = YES;
				SDKROOT = iphoneos;
				SWIFT_COMPILATION_MODE = wholemodule;
				SWIFT_OPTIMIZATION_LEVEL = "-O";
				VALIDATE_PRODUCT = YES;
			};
			name = Release;
		};
		3DFE03202565B56C00CD596E /* Debug */ = {
			isa = XCBuildConfiguration;
			buildSettings = {
				ASSETCATALOG_COMPILER_APPICON_NAME = AppIcon;
				ASSETCATALOG_COMPILER_GLOBAL_ACCENT_COLOR_NAME = AccentColor;
				CODE_SIGN_STYLE = Automatic;
				DEVELOPMENT_TEAM = N6JXNCSA5P;
				INFOPLIST_FILE = Animations_intro/Info.plist;
				LD_RUNPATH_SEARCH_PATHS = (
					"$(inherited)",
					"@executable_path/Frameworks",
				);
				PRODUCT_BUNDLE_IDENTIFIER = "lt.bgrd.Animations-intro";
				PRODUCT_NAME = "$(TARGET_NAME)";
				SWIFT_VERSION = 5.0;
				TARGETED_DEVICE_FAMILY = "1,2";
			};
			name = Debug;
		};
		3DFE03212565B56C00CD596E /* Release */ = {
			isa = XCBuildConfiguration;
			buildSettings = {
				ASSETCATALOG_COMPILER_APPICON_NAME = AppIcon;
				ASSETCATALOG_COMPILER_GLOBAL_ACCENT_COLOR_NAME = AccentColor;
				CODE_SIGN_STYLE = Automatic;
				DEVELOPMENT_TEAM = N6JXNCSA5P;
				INFOPLIST_FILE = Animations_intro/Info.plist;
				LD_RUNPATH_SEARCH_PATHS = (
					"$(inherited)",
					"@executable_path/Frameworks",
				);
				PRODUCT_BUNDLE_IDENTIFIER = "lt.bgrd.Animations-intro";
				PRODUCT_NAME = "$(TARGET_NAME)";
				SWIFT_VERSION = 5.0;
				TARGETED_DEVICE_FAMILY = "1,2";
			};
			name = Release;
		};
/* End XCBuildConfiguration section */

/* Begin XCConfigurationList section */
		3DFE03062565B55F00CD596E /* Build configuration list for PBXProject "Animations_intro" */ = {
			isa = XCConfigurationList;
			buildConfigurations = (
				3DFE031D2565B56C00CD596E /* Debug */,
				3DFE031E2565B56C00CD596E /* Release */,
			);
			defaultConfigurationIsVisible = 0;
			defaultConfigurationName = Release;
		};
		3DFE031F2565B56C00CD596E /* Build configuration list for PBXNativeTarget "Animations_intro" */ = {
			isa = XCConfigurationList;
			buildConfigurations = (
				3DFE03202565B56C00CD596E /* Debug */,
				3DFE03212565B56C00CD596E /* Release */,
			);
			defaultConfigurationIsVisible = 0;
			defaultConfigurationName = Release;
		};
/* End XCConfigurationList section */
	};
	rootObject = 3DFE03032565B55F00CD596E /* Project object */;
}
